lockfileVersion: '9.0'

settings:
  autoInstallPeers: true
  excludeLinksFromLockfile: false

importers:

  .:
    dependencies:
      '@vrooli/iframe-bridge':
        specifier: file:../../../packages/iframe-bridge
        version: file:../../../packages/iframe-bridge

packages:

  '@vrooli/iframe-bridge@file:../../../packages/iframe-bridge':
    resolution: {directory: ../../../packages/iframe-bridge, type: directory}

snapshots:

  '@vrooli/iframe-bridge@file:../../../packages/iframe-bridge': {}
