lockfileVersion: '9.0'

settings:
  autoInstallPeers: true
  excludeLinksFromLockfile: false

importers:

  .:
    dependencies:
      '@vrooli/iframe-bridge':
        specifier: file:../../../packages/iframe-bridge
        version: file:../../../packages/iframe-bridge
    devDependencies:
      bats:
        specifier: ^1.10.0
        version: 1.12.0

packages:

  '@vrooli/iframe-bridge@file:../../../packages/iframe-bridge':
    resolution: {directory: ../../../packages/iframe-bridge, type: directory}

  bats@1.12.0:
    resolution: {integrity: sha512-1HTv2n+fjn3bmY9SNDgmzS6bjoKtVlSK2pIHON5aSA2xaqGkZFoCCWP46/G6jm9zZ7MCi84mD+3Byw4t3KGwBg==}
    hasBin: true

snapshots:

  '@vrooli/iframe-bridge@file:../../../packages/iframe-bridge': {}

  bats@1.12.0: {}
