buf.build/gen/go/bufbuild/protovalidate/protocolbuffers/go v1.36.11-20251209175733-2a1774d88802.1 h1:j9yeqTWEFrtimt8Nng2MIeRrpoCvQzM9/g25XTvqUGg=
buf.build/gen/go/bufbuild/protovalidate/protocolbuffers/go v1.36.11-20251209175733-2a1774d88802.1/go.mod h1:tvtbpgaVXZX4g6Pn+AnzFycuRK3MOz5HJfEGeEllXYM=
github.com/google/go-cmp v0.7.0 h1:wk8382ETsv4JYUZwIsn6YpYiWiBsYLSJiTsyBybVuN8=
github.com/google/go-cmp v0.7.0/go.mod h1:pXiqmnSA92OHEEa9HXL2W4E7lf9JzCmGVUdgjX3N/iU=
github.com/gorilla/websocket v1.5.3 h1:saDtZ6Pbx/0u+bgYQ3q96pZgCzfhKXGPqt7kZ72aNNg=
github.com/gorilla/websocket v1.5.3/go.mod h1:YR8l580nyteQvAITg2hZ9XVh4b55+EU/adAjf1fMHhE=
google.golang.org/genproto/googleapis/api v0.0.0-20251213004720-97cd9d5aeac2 h1:7LRqPCEdE4TP4/9psdaB7F2nhZFfBiGJomA5sojLWdU=
google.golang.org/genproto/googleapis/api v0.0.0-20251213004720-97cd9d5aeac2/go.mod h1:+rXWjjaukWZun3mLfjmVnQi18E1AsFbDN9QdJ5YXLto=
google.golang.org/protobuf v1.36.11 h1:fV6ZwhNocDyBLK0dj+fg8ektcVegBBuEolpbTQyBNVE=
google.golang.org/protobuf v1.36.11/go.mod h1:HTf+CrKn2C3g5S8VImy6tdcUvCska2kB7j23XfzDpco=
