lockfileVersion: '9.0'

settings:
  autoInstallPeers: true
  excludeLinksFromLockfile: false

importers:

  .:
    dependencies:
      lucide-react:
        specifier: ^0.424.0
        version: 0.424.0(react@19.3.0)
      tailwind-merge:
        specifier: ^2.6.1
        version: 2.6.1

packages:

  lucide-react@0.424.0:
    resolution: {integrity: sha512-x2Nj2aytk1iOyHqt4hKenfVlySq0rYxNeEf8hE0o+Yh0iE36Rqz0rkngVdv2uQtjZ70LAE73eeplhhptYt9x4Q==}
    peerDependencies:
      react: ^16.5.1 || ^17.0.0 || ^18.0.0 || ^19.0.0-rc

  react@19.3.0:
    resolution: {integrity: sha512-E8LUcbtBWt20bbl2YoHfx4ZDBdxVTfOKtCZn9cDSJ4l6/nuoApcpIBcj47t2wZoVX8g2ZHuMHbiShgCR1T5Sog==}
    engines: {node: '>=0.10.0'}

  tailwind-merge@2.6.1:
    resolution: {integrity: sha512-Oo6tHdpZsGpkKG88HJ8RR1rg/RdnEkQEfMoEk2x1XRI3F1AxeU+ijRXpiVUF4UbLfcxxRGw6TbUINKYdWVsQTQ==}

snapshots:

  lucide-react@0.424.0(react@19.3.0):
    dependencies:
      react: 19.3.0

  react@19.3.0: {}

  tailwind-merge@2.6.1: {}
