lockfileVersion: '9.0'

settings:
  autoInstallPeers: true
  excludeLinksFromLockfile: false

importers:

  .:
    dependencies:
      tailwind-merge:
        specifier: ^2.6.1
        version: 2.6.1

packages:

  tailwind-merge@2.6.1:
    resolution: {integrity: sha512-Oo6tHdpZsGpkKG88HJ8RR1rg/RdnEkQEfMoEk2x1XRI3F1AxeU+ijRXpiVUF4UbLfcxxRGw6TbUINKYdWVsQTQ==}

snapshots:

  tailwind-merge@2.6.1: {}
