# This file was autogenerated by uv via the following command:
#    uv pip compile resources/searxng/requirements.in --python-version 3.12 --python-platform x86_64-unknown-linux-gnu --generate-hashes --index-strategy unsafe-best-match --output-file resources/searxng/requirements.lock
annotated-doc==0.0.5 \
    --hash=sha256:117bac03a25ede5df5440e855b32d556049ca169ead221505badf432fed4b101 \
    --hash=sha256:c7e58ce09192557605d8bbd92836d7e1d520ac9580096042c0bfd197efacf1bb
    # via typer
anyio==4.14.2 \
    --hash=sha256:9f505dda5ac9f0c8309b5e8bd445a8c2bf7246f3ce950121e45ea15bc41d1494 \
    --hash=sha256:cfa139f3ed1a23ee8f88a145ddb5ac7605b8bbfd8592baacd7ce3d8bb4313c7f
    # via httpx
babel==2.18.0 \
    --hash=sha256:b80b99a14bd085fcacfa15c9165f651fbb3406e66cc603abf11c5750937c992d \
    --hash=sha256:e2b422b277c2b9a9630c1d7903c2a00d0830c409c59ac8cae9081c92f1aeba35
    # via
    #   -r resources/searxng/requirements.in
    #   flask-babel
blinker==1.9.0 \
    --hash=sha256:b4ce2265a7abece45e7cc896e98dbebe6cead56bcf805a3d23136d145f5445bf \
    --hash=sha256:ba0efaa9080b619ff2f3459d1d500c57bddea4a6b424b60a91141db6fd2f08bc
    # via flask
certifi==2026.7.22 \
    --hash=sha256:62f22742b58a1a33014a2b6b706588a8d7e2a88ae7bd1a6ebe8c992928483775 \
    --hash=sha256:741e2c3b351ddf169a738da9f2c048608ff7f2c5cc02f1ebc6b118bb090d5d55
    # via
    #   -r resources/searxng/requirements.in
    #   httpcore
    #   httpx
click==8.5.0 \
    --hash=sha256:255bc9599cf7748b4b1a446ccc735421bd08a2ae529a8b88597d3de5664ee360 \
    --hash=sha256:ba0d2089de75ea0310e2dde03160e6ca10009947fb95a182f9b54021bb272e34
    # via
    #   flask
    #   granian
flask==3.1.3 \
    --hash=sha256:0ef0e52b8a9cd932855379197dd8f94047b359ca0a78695144304cb45f87c9eb \
    --hash=sha256:f4bcbefc124291925f1a26446da31a5178f9483862233b23c0c96a20701f670c
    # via
    #   -r resources/searxng/requirements.in
    #   flask-babel
flask-babel==4.0.0 \
    --hash=sha256:638194cf91f8b301380f36d70e2034c77ee25b98cb5d80a1626820df9a6d4625 \
    --hash=sha256:dbeab4027a3f4a87678a11686496e98e1492eb793cbdd77ab50f4e9a2602a593
    # via -r resources/searxng/requirements.in
granian==2.7.7 \
    --hash=sha256:00bd7763d6ff746fb932880d7a22feccb6cadcac3cb7647cf03bb2489254ee08 \
    --hash=sha256:03b0d785931f12624524312489c60531cdb75c846c7894bafb89b8d464559600 \
    --hash=sha256:041a457cd3238b498853085c5251e1ec0966ce1164252a410505b5d343892305 \
    --hash=sha256:048084071becd768b7456445bab26cbba485de07a9a4df80eaa7bdcf7e0b8193 \
    --hash=sha256:0875b45286e520c56ce98c0e51d69b2f12ba228c4b2c2d4622683da94cfa15b2 \
    --hash=sha256:113b7713750318ba4d9fc9d8a726c4e50edc8c2aadfb7f4bbb95082282c369df \
    --hash=sha256:138b9aa9329a220d14a92cdf3646083d00c515de2b37f90261f09fddc1974f7e \
    --hash=sha256:14d39fd0c189b8ed81dc7f17474f0aabb994d29ab4c8024fc212517adda4d1ea \
    --hash=sha256:159b513af98df597366148696e6a6646500c470899ff9d935ced9b24c9204d5d \
    --hash=sha256:17a6cbd011108a45d566d8d2d8fee402651652ba247b5dd883ecca5482d9e075 \
    --hash=sha256:22197febf1d8fa1048861bbaaf0c749a458867ca7b241be75c96a630ef393625 \
    --hash=sha256:259fc92f07151075d66d20e2f864b45b4c3837908fd39cef9459139ecd722652 \
    --hash=sha256:2b203bc0c7de55dfd0387a52e8c11304ef1dad0e2d5e3ef3aad32c42260a041f \
    --hash=sha256:2d85fa4de3448baa6ce021d72f1508b2e8af0e0d58c9f9f3f9d0170f6093df93 \
    --hash=sha256:2fdf1389e302a4b880099f490c0bec8c0098690d3c10d456754fcd8762161568 \
    --hash=sha256:330bfe8c34daa9ef0202cc675f66992153309c8eddaa5b12decfd7e513561f73 \
    --hash=sha256:331f1b0f0fd38877c19464595629a596cb49d953dd69375014ab813f0cfb9780 \
    --hash=sha256:354609ef79a7f2d12e02df69a5a93217bb231244dd6d38f455b52ab66e3cad9f \
    --hash=sha256:3b35ef167fadfc547e104134e4bdc910664ce70539b33b4f3b93211bf58057ae \
    --hash=sha256:3bf630d3cfa51ce1c8238441d8cb15064a328dcffc372676d473c76ebf419c45 \
    --hash=sha256:3eb7b78930df0290ef04633157cf364a5ce8259d306c2755f6d4a16ec6e5c733 \
    --hash=sha256:44e3b3f93cc1ec858f90fb238dbd26018573ab0ad13effbda1b199d5d1231b4c \
    --hash=sha256:45eebc0c508ba7c0bb1bc128bf235e4d5d7bc6c6a994ebf775f4f382ea5b3208 \
    --hash=sha256:48499b71f049114163bb10d0504b7018950cefdcfbb4dc5269b26acdf2b45a5f \
    --hash=sha256:48b6b7fa3fda4e1b5d10e8ad1888702d9010dd7ab27820e87d0b94a479f9c313 \
    --hash=sha256:51c3dacd98274e4ed5b9fedebabfb8e707f7d4b7a7a75e3a554e0640652ea31b \
    --hash=sha256:527bdfd3cd19fe26933e288c739f08e5279a3ce90a5b7c9e55ae58ef35a1e093 \
    --hash=sha256:55220c4b3e4fb8853bce611998eb3c7577ac6bf291ebbe99d2102d77458a420e \
    --hash=sha256:55c9cd41b8a5e3296a72842cd7077bc0b7e3297d7b48cc659c8f4076b64d9c10 \
    --hash=sha256:565cee34fd42f70891b7b7275ec0caa8cbc4a73acd8653eacdda699b49184101 \
    --hash=sha256:56b28b9c5583c12ff3619598288d6a85bef6bea35fe64c7ffa2cae43a2ae9536 \
    --hash=sha256:575fe120c98d3001517bcefc0dfe656bbbf336f25c1ba4fdafffa8ec64044dec \
    --hash=sha256:5800119cedab7564682f29ef301bfc3770ec270cfb8c81e64c2b76125e8c0e73 \
    --hash=sha256:59b19215f155bc3d9cbfb70ad69390e5c2eaf64ddb33a748162f47477a33341d \
    --hash=sha256:5c77d847292a508bcc2b344c80f7190dc687d788cf1ab8b5a06c9f0c4bb09855 \
    --hash=sha256:5ccc9c7f40b7ee81019efbb6b60ea5d8acdc0a3f8b637e0d3dcdaed508d04555 \
    --hash=sha256:5e2c801fa79d0b9a57f63682c79e5b6950d7adcddb2ac9b792191be3d14be358 \
    --hash=sha256:5ef066d2d05ed7cfd3e6edb239699cff7cbce46b6379e0fafadf8c93ffa9c456 \
    --hash=sha256:69cd22f411a6cd99c9d2d7f667be4fae74f49efac23bc544bffa9f59d3704647 \
    --hash=sha256:6cca904566d12511400d90b04b8bc795687530ef8d4b684b66e6fd92c66f62e9 \
    --hash=sha256:7221385245a0d48036d4693530c12435868e38197cedab1aa7c4b697ffb846cc \
    --hash=sha256:7822ecf6602f15df10898fe9666397eac28570cb9916da2bbe1b7de401e1b3ed \
    --hash=sha256:79bf3f077355cff6935c60f2bdebedfcaa368609d708413af582f9a75043be93 \
    --hash=sha256:7ace32e0bafa3eb59a11128448ebbc83399defed4d5ccf9a6cb996b8916ac825 \
    --hash=sha256:7f87201ddd949f55c6fa43f1479325ff27f3c368b7db0b0dd296f074bb08834b \
    --hash=sha256:8052047933e05c0e5a54fc08bf89c0599d2d0a5dd9fbe1af889bd7318d9d594e \
    --hash=sha256:833df52a1d30726e3ec3ee2d35693ecd5cac49b2e36d4b83516415ba8243b445 \
    --hash=sha256:8486235d76ba25da638528ae407f7b86dc700fc59b2ee4bdf3d77603cfafeafc \
    --hash=sha256:85418a0861eb5f43efb0b495c33274d851527ed0f0837d2f452d077f85afab60 \
    --hash=sha256:93b81e392e42d52782f7f43acc5c1dc69f44c5285a2654b89a98024099997fa6 \
    --hash=sha256:9f9e216cadd93d1e8472c43229a6d4ae7d4ebbc6b77b6aca60ff07c0eb772763 \
    --hash=sha256:a1f0f2b4ab84c861e573fca2e0d5db329adae09bc0fa94221fc9e039d85d6132 \
    --hash=sha256:a3af2a7b6b370d2b9d24d74597b713a99818af73bae71fcf729018309693b2e7 \
    --hash=sha256:a8528b44adc9e49c960a1c0ecfdfb160b56a5c8ed129f66de217df2dcf5b08a6 \
    --hash=sha256:acce19713ef10331bb821d58233874b2bfc2ce1c324e11ea9781317375eb0eb2 \
    --hash=sha256:ad85d9132e1186ca965cd8dd5277dd255a1078cc9456f002279edc579a268f13 \
    --hash=sha256:af8746f92fdea860bd9904ea48ca1dd7d9d8c4c1c0b8c38e576d1d78fa6aa017 \
    --hash=sha256:b0dda03135eaa8dd0fbac83774618eae653653b313239293e840a022e0aedb4b \
    --hash=sha256:b258ba2f38c97ecc39f915052a970ebccd16ea04c2e6d3f2f135b8575024ac43 \
    --hash=sha256:c1e65ba5a7cc4de58ad8186c2155da3c7eba5545e043eee3a86e164c25f156fb \
    --hash=sha256:c44a678dbf586b894bb4f3b4d161a6d7ad02dcfe468a3074d130fe89d536eca2 \
    --hash=sha256:c5409a68a9f7af3faf6970f5b89e02b0f283f780247f8b113a3d2404f4e55b75 \
    --hash=sha256:c5a059ce07b1f5e436d4b0c5ec5161d55e36981a90f05acb6e06c170d635e17d \
    --hash=sha256:c9454a719d9f91e7d4afee17febda8811bc299b52c2aaf1acadaec8bedf24dbe \
    --hash=sha256:c9c5afdd0787bd845a2a22df37928dda53640529bfa6ab9c6cd3c3c1728865b7 \
    --hash=sha256:d4c731eacbfd28683364854804e599979eb0d9db3015ff30a6048dd4a0bc7f0b \
    --hash=sha256:d82ee7710326f9bd800eecd2ce098d816fbbd61429d12253c9f2ff1739ada604 \
    --hash=sha256:db51c87d939a5440127149c8291d0bd0f9b03179af111b8436052da92d0723f7 \
    --hash=sha256:dc2acd56d0ca017c67d82b758f317b3fbe5dc7518257908a86de4ffc05ac69de \
    --hash=sha256:de4711304a98ddc030e79fb7db712d7f9326753c9419e9e089895ab8418ba4bc \
    --hash=sha256:e274915850e4e8ac0431047651b0e55d2ee2806efc13df607e271f92afde1ab6 \
    --hash=sha256:e6fa7fb96c020170aade93748fe5b37d64051612d7ae7141358e1025589ab30b \
    --hash=sha256:eadf88ba1ad17d945eeba4c64ac291a1c225498819bfb7554a05d3f92d66397f \
    --hash=sha256:ecfa25ecefd94c9e0905fdebfe58b63dd6037d3c999d2ecb21b858c3510e740c \
    --hash=sha256:ed26409150824a9558e424d9f49c5d9ec17b6e1947def6a4b7e36fd726853374 \
    --hash=sha256:f10971988167f6cbb9355c4e7789d8ad9d244bacaccad3079315c603d05d6b12 \
    --hash=sha256:f15b928370c4ffa5164a961ad5df69d972a045bde59389e89687f5873f14f0da \
    --hash=sha256:f6d13129ebdc60c23255702dae189f067a8927e4f4fe1c6dd5851e850271e6ff \
    --hash=sha256:fe556dd54984f8423e183a6431556bdf44df3a12d7072137161a54eadb95114e
    # via -r resources/searxng/requirements.in
h11==0.16.0 \
    --hash=sha256:4e35b956cf45792e4caa5885e69fba00bdbc6ffafbfa020300e549b208ee5ff1 \
    --hash=sha256:63cf8bbe7522de3bf65932fda1d9c2772064ffb3dae62d55932da54b31cb6c86
    # via httpcore
h2==4.4.1 \
    --hash=sha256:0e25f1462b23c9cb82d9eb02e28bc706dac2a68cb457c6a0d74d63c8a2a5d0e6 \
    --hash=sha256:4e866ffb1a869ae14dd9b5e6beb5c24a13da0495ad72b65925ded182521c1516
    # via httpx
hpack==4.2.0 \
    --hash=sha256:0895cfa3b5531fc65fe439c05eb65144f123bf7a394fcaa56aa423548d8e45c0 \
    --hash=sha256:858ac0b02280fa582b5080d68db0899c62a80375e0e5413a74970c5e518b6986
    # via h2
httpcore==1.0.9 \
    --hash=sha256:2d400746a40668fc9dec9810239072b40b4484b640a8c38fd654a024c7a1bf55 \
    --hash=sha256:6e34463af53fd2ab5d807f399a9b45ea31c3dfa2276f15a2c3f00afff6e176e8
    # via
    #   httpx
    #   httpx-socks
httpx==0.28.1 \
    --hash=sha256:75e98c5f16b0f35b567856f597f06ff2270a374470a5c2392242528e3e3e42fc \
    --hash=sha256:d909fcccc110f8c7faf814ca82a9a4d816bc5a6dbfea25d6591d6985b8ba59ad
    # via
    #   -r resources/searxng/requirements.in
    #   httpx-socks
httpx-socks==0.13.1 \
    --hash=sha256:771b4f3dbc8f62515a6f8a64f3e1dea9a7826a2521032351d3bd5cc008486bb6 \
    --hash=sha256:9114898471eb0b2c1f67749f1d2b1c9d35c9f6c450d2f5c338033fc2d0af2d20
    # via -r resources/searxng/requirements.in
hyperframe==6.1.0 \
    --hash=sha256:b03380493a519fce58ea5af42e4a42317bf9bd425596f7a0835ffce80f1a42e5 \
    --hash=sha256:f630908a00854a7adeabd6382b43923a4c4cd4b821fcb527e6ab9e15382a3b08
    # via h2
idna==3.19 \
    --hash=sha256:5e0811a4383b21dc5838069f801c4fb62113b7447663d2530d2bd6e77b49bf15 \
    --hash=sha256:815e7be7a7806d54abb586dc943addc79e8b2ee16915059658cbeff4b1b43bf4
    # via
    #   anyio
    #   httpx
isodate==0.7.2 \
    --hash=sha256:28009937d8031054830160fce6d409ed342816b543597cece116d966c6d99e15 \
    --hash=sha256:4cd1aa0f43ca76f4a6c6c0292a85f40b35ec2e43e315b59f06e6d32171a953e6
    # via -r resources/searxng/requirements.in
itsdangerous==2.2.0 \
    --hash=sha256:c6242fc49e35958c8b15141343aa660db5fc54d4f13a1db01a3f5891b98700ef \
    --hash=sha256:e0050c0b7da1eea53ffaf149c0cfbb5c6e2e2b69c4bef22c81fa6eb73e5f6173
    # via flask
jinja2==3.1.6 \
    --hash=sha256:0137fb05990d35f1275a587e9aee6d56da821fc83491a0fb838183be43f66d6d \
    --hash=sha256:85ece4451f492d0c13c5dd7c13a64681a86afae63a5f347908daf103ce6d2f67
    # via
    #   -r resources/searxng/requirements.in
    #   flask
    #   flask-babel
lxml==6.1.1 \
    --hash=sha256:05a82eb6e1530a64f26225b55cbd178113bd0b5af1c2b625f25e5296742c26d2 \
    --hash=sha256:07a4a68e286ee7a1ed7dfb8af83e615757c0ccfe9f18c6b4ea6771388d9ba8c9 \
    --hash=sha256:09dd5b7075dc2f7709654a46543ba1ea3c2e217b2ed8fbd413a8a945a0f40f60 \
    --hash=sha256:0b7e8a14c8634bf6f7a568634cb395305a6d964aeb5b7ee32248094bed3a7e2c \
    --hash=sha256:104c09bda8d2a562824c0e319d0768ce26a779b7601e0931d33b09b53c392ef7 \
    --hash=sha256:126c93f7f56f0eda92f6d8c619edc463a4f23d9252f1c9d0405a76f25fa9f11a \
    --hash=sha256:162af1091cd785f2f27e62d3547ae9bc58ec5c86dd314d67021fd02463708d83 \
    --hash=sha256:17e0e18d4ad8adbd0399291bc44845b69d9dd68439a3cdebdf35ff902ec05072 \
    --hash=sha256:18b73c339ae29b90fd2d06e58ebd555a751bde9cd6bbd36cc0281b9a2c94e9d8 \
    --hash=sha256:19607c6bbff2a44cf3fe8250abccd20942d3462473e0a721d01d379ed017e462 \
    --hash=sha256:19b7ab10b210b0b3ad7985d9ac4eb66ab09a90b20fe6e2f7ba55d01a234345d0 \
    --hash=sha256:1d4962d4c66bf830a7e59ed6cfc17d148149898a3aefa8ec6e59763e6e3ed085 \
    --hash=sha256:1db753c9115ec7100d073b744d17e25e88a8f90f5c39b2f5dd878149af59671f \
    --hash=sha256:1dde6131244bba38a17c745836ba190bc753fd73c9291666287fd0a3fa3dcf30 \
    --hash=sha256:25c6997a9a534e016695a0ba06b2f07945de682731ff01065b6d5a4474179da1 \
    --hash=sha256:26e6eda8d38c1fcab1090dd196ee87cbd13788e531937610e2589085de074e77 \
    --hash=sha256:27acc820660aaffa4f7c087f29120e12980f7779d56d8492d263170111284740 \
    --hash=sha256:2a0217714657e023ef4293500f65aa20fce6164c8fd6b08fa5bd4a859fb14b9b \
    --hash=sha256:2c8daa471358dc2d6fcf02165e80ec68f77871a286df95bc5cc3816153b0fd2c \
    --hash=sha256:30a89d3ac8faec007453fb541f3f46807eeec88edd5826f6e3fe001752a2c621 \
    --hash=sha256:31033dc34636ea6b7d5cc11b1ddbda78a14de858ba9d3e1ed4b69a3085bc521e \
    --hash=sha256:32ab449a5486f6c758e849bb86710d0e45edc24a04e250c01555f8f5653958f8 \
    --hash=sha256:3483644525531e1d5762b0c44a8e18b6efba321b6dcf8a8952de10b037618bca \
    --hash=sha256:34c2d737beabfe35baada43941ed519251e9a12e779031496bcd5d539fcfd730 \
    --hash=sha256:3779def59032b81e44a5f70096ef6bf2082f8d901937dca354474ba09782e245 \
    --hash=sha256:37a58976370f36d9329d118ad0b953c5aeb9119ac9c6a4e258942a225d0573a1 \
    --hash=sha256:3893c14c4b6ac5b2d54ba8cf03e99fe5104e592de491f19bd6b82756c09f8004 \
    --hash=sha256:3a12689be69a28ddaa0ab99a5a1137da2afd5f8f16df7b5680b66f616d3eda1d \
    --hash=sha256:3ab541146f1f6968c462d6c2ac495148e8cdba2f8347700b2141b6ec5a75bf52 \
    --hash=sha256:3abf332af33a74288675d936fe861fd4344da0dd6622193fbc4f2bfbb35536b5 \
    --hash=sha256:3fd9728a2735fda14f4e8235830c86b539e9661e849665bf926d3f867943b4bf \
    --hash=sha256:424aa57aca0897eb922aef34395bd1289b3b6f04e6bae20ea123c0c7e333cffc \
    --hash=sha256:441dd227fa0690eb9fc81edabc63cdcefc212bba99b906dcf6e32cc1a9d3e533 \
    --hash=sha256:469e3618338bd7ab5beb412d2439825479fcf0dab99e394ca563dbc4eaf6c834 \
    --hash=sha256:47402e62c52ff5988c1e8c6c63177f5708bccf48e366dea4e3dcf1e645e04947 \
    --hash=sha256:4f0dd2f01f9f8a89f565d000e03abcf0a13d692a346c8d22f628d49af098777a \
    --hash=sha256:53b7d2b7a10b1c35c0a5e21e9224accf60c1bbfba523990732e521b2b73adef2 \
    --hash=sha256:53c909b62a0532183542fed00c5a7218258c56292d409bc789886fe1cb04c438 \
    --hash=sha256:54a7f95e4de5fb94e2f9f4b9055c6ba33bf3d628fd77a1d647c5923caa2cdcdc \
    --hash=sha256:556e94a63c9b04716f8e4de2abb65775061f846e89331b6c5be79183a24f98ea \
    --hash=sha256:55b03549819867ea141c0202242c4816c82e52ec36e7e648db9d8da5a3dc3ed6 \
    --hash=sha256:581d4c8ae690a6609e64862dd6b7c2489635c2d13907fc2b20f2bc200ff1d21e \
    --hash=sha256:58bb955caba94e467d2a96da17660d2d704e0675894cba21ab8a775b8621fd1c \
    --hash=sha256:5b7328b46d49fc9477d91ae8f6d55340347d827b7734ba3ea33faae0efef1383 \
    --hash=sha256:5ba186ad207446c65d3bb3d3e0412b032b1d9f595e59861e2354798c5703d955 \
    --hash=sha256:5bec7d03d78d853597d6107854c2310ce3f761fd218fe9fe91d5101fcf6c2efe \
    --hash=sha256:5c6bf403fbb3b3e348a561a5f4f0b9961835657981c802a1df03653eef8a9074 \
    --hash=sha256:5f6994074ebae6ffb04447268e37dc16edc304f9859cf91acb86e0af6c1b395c \
    --hash=sha256:62aeb7e85b5d60320b9d77eef2e773994e2c0ce10121b277e0a19804e1654a5a \
    --hash=sha256:63876be28efefa04a1df615b46770e82042cce445cfdce55160522f57b231ccb \
    --hash=sha256:639f6c857d91d9be29bd7502348d6736dab168b54b5158cd899abf11684dc186 \
    --hash=sha256:640f97d43d867bcb9c75b3af013b64850756b746cb6bce8ace83b70da3abba9d \
    --hash=sha256:649dda677cf3bd6ac9ae14007ba0c824ded8ce5808b53fc7431d9140399118c1 \
    --hash=sha256:6540377fbd53fe1b629172288c464fb18db11ce1fa7dc15891da10aa9dcc3e7f \
    --hash=sha256:6689e828a94eee4f139408c337bb198e014724bb8a8c26d3cfac49d119ed69a6 \
    --hash=sha256:68a9198d0fc122d14bb76837de9aa80cf84caed990b5b237f532ed87d3706736 \
    --hash=sha256:6b1761fbf9ec984e2e9d9c589ef5f5fd684b7c19f92aadd567a26c5224958db6 \
    --hash=sha256:70cdfd80589d59e43e18005dd7244e8895e93db8ab6a620b7e23df5445a4e3d2 \
    --hash=sha256:70ef8a7e102a1508f8121aae5b0867abd663f72c14f0a9c937e6554cb4587b7b \
    --hash=sha256:73bc2086f141224ebddb7fc5c6a36ca58b31b94b561e1dfe8e073e3270fad1e7 \
    --hash=sha256:74a9717fd0d82effef5c2854f0d917231d5324b5a3eb7275c43ac9fa32f97a14 \
    --hash=sha256:752d3bbfe874715ccd0aec7f88d7fc623c0f1fd7aa7b3238a084e017bad2a009 \
    --hash=sha256:762ff394d5bd56da0cf034a23dcce4e13923f15321a2adfa2ac00201dc6d3fca \
    --hash=sha256:76447f65250ed2501ead1a1552f5ce8edff159a86f308348e6a9c4acb5e1f1b4 \
    --hash=sha256:766b010012d59470072c1816b5b6c69f1d243e5db36ea5968e94accf430a4635 \
    --hash=sha256:787b2496d0dbe8cd180984e8d29e3a6f76e7ea34db781cb3bd55e4ba1ef8b4ee \
    --hash=sha256:793033d6c5cdf33a573f910d9bea14ef8f5771820411d118da8e1182edb53d5e \
    --hash=sha256:7d47866cb32fb503450b6edc9df355d10dc49836af2e89901bd6ac6b0896d9d9 \
    --hash=sha256:7f7a92e8583f06b1fd49d01158143b8461cfcd135dcb10ec807270a3051bd603 \
    --hash=sha256:80c2dfadb855da477cf73373ad29a333535dedb9b12bad02c9814c8e2b43bf08 \
    --hash=sha256:83b6b30eb131da7a75b601f28c5d6971e6ed3e887919bf6b6a1ad3c2df289080 \
    --hash=sha256:86281fbdd6a8162756f8d603f37e3435bfa38043adb79c6dc6a2dfee065e7525 \
    --hash=sha256:86c89b9d55ebf820ad7c90bc533410f0d098054f293351f10603c0c46ff598f5 \
    --hash=sha256:876e1ff5930ed8bf295ec5ef9a8155e9b6b1876bbf1deed8b3a8069311875a8f \
    --hash=sha256:88136950da4d13c318bde414ce10219931937851327f44328f2df4d2c4614067 \
    --hash=sha256:88d8cb75b9d82858497a5393e3c63cfbf03035225e4b35a49ed7ccb151e4dc0e \
    --hash=sha256:8be8ad51249698103d24b0571df35a10990fbe93dd043b6c024172189485f5e3 \
    --hash=sha256:8d43ca737b20e106e4aebc42b2f3ae19f00ba63d7eb731698ee083d72d15646f \
    --hash=sha256:8dadbe5b217ff35b6a8d16610dd710219b59b76d13f0e3f0d9f36786206e4485 \
    --hash=sha256:9395002973c827b3ed67db77e6ec09f092919a587022174554096a269378fb13 \
    --hash=sha256:96f2ec43df44b1f76249ee0a615334f9b5b060e1c8bd90e706dad2d14d02f383 \
    --hash=sha256:98fc784c2c1440667aeedf8465bdfe10208acf0ead656a2c68627299f546b315 \
    --hash=sha256:9e36f163528fc50cbef305f02a5fd66d404edf7049cdaff211dbc2cba5a7013e \
    --hash=sha256:9eb9b5a968f6e0f6d640092a567e14529ff8cea2e29d00da6f78a79fa49f013c \
    --hash=sha256:9f76acfb5f68ba982635a53fd985a8044be98a35b43232c2a1ee235ffab3e1dd \
    --hash=sha256:a088f287f7d8275a33c07f2cac6c50b9319309a0200a39e7e75d80c707723099 \
    --hash=sha256:a10bd2fd62e8ce916ececb342f348f190724a098c1faa056fdfb2a22ad5e8660 \
    --hash=sha256:a4bbea04c97f6d78a48e3fbc1cb9116d2780b1b39e03a23f6eb9b603fd61f510 \
    --hash=sha256:aa366a1e55b8ebfe8ca8ddc3cfe75c8ebade181aeb0f661d0cb05986b647f72a \
    --hash=sha256:aa49e06d94aba782c6a02eecb7e507969e7e7a41b267f1b359bb35585f295d5b \
    --hash=sha256:aad9aa39483ed8ec44d6d2e59e5b98a0d80676ef0d92f44bfc374836111f62f5 \
    --hash=sha256:aae97dfdb60715c164419ac2532a76d013c3918a665eb6cb7288098b5f349aaf \
    --hash=sha256:abbefa31eee84842140f67acef1c828e28bba8bbf0c3bc6e5492a9af88152c28 \
    --hash=sha256:ac931cdc9442c1763b8a8f6cd62c0c938737eafc5be75eff88df55fc73bc0d00 \
    --hash=sha256:acd7d70b64c0aae0c7922cca83d288a16f5f6da523637697872253415269baef \
    --hash=sha256:add8cf6ddf9a65116119a28ece0f7886e30af27ba724a7594305f1d1b58a92a1 \
    --hash=sha256:aee395f5d0927f947758b4ec119fd5fc8ec71f07a1c5c52077b30b04c0fa6955 \
    --hash=sha256:b1b963fd8f5caa68e99dfae060d54de1fe9cba899b8718b44a00cdca53c3e590 \
    --hash=sha256:b2d444f2e66624d68e9c6b211e28a76e22fff5fcabcfff4deac18b529b7d4137 \
    --hash=sha256:b8d812c6011c08b8111a15e54dd990b8923692d80adf35488bee34026c35accf \
    --hash=sha256:ba96ae44888e0185281e937633a743ea90d5a196c6000f82565ebb0580012d40 \
    --hash=sha256:bdebcc8a75d38c7598dfb2c9ed852d7a9eb4a10d6e2d0764b919b802bf32ac88 \
    --hash=sha256:c07da4cebf6889f03ebac8d238f62318e29f495de0aa18a51ea14e61ae907e2e \
    --hash=sha256:c08e5c694306507275f2290073350c4f32e383db15213b2c69e7ff39c1193840 \
    --hash=sha256:c4f469aebd783bb741c2ecb2a681008fd26bfe5c16a9a72ed5467f834e810df2 \
    --hash=sha256:c5d7152ec39ca7c402d8fb9bad86140a15b9503bd0c54484e3f1bbe3dd37ceca \
    --hash=sha256:c674693f055fa2495de12292cb45e9944199d8eaef5a2dec45175c7c61cb73e3 \
    --hash=sha256:c6ed5141a5c7507cf3ee76bd363b0d6f801e3321adc35b5d825a23115faa5465 \
    --hash=sha256:c921ba5c51e4e9f63b8b00267d06566e1f63407408a0496da2d1d0bfc819c7fc \
    --hash=sha256:c9a4b821dc7055bf9e05ff5719e18ec501f75c0f0bbfabd573b277559780833d \
    --hash=sha256:c9f79d5325907f13e1be0b3e4dacc1049d1dffc4aeee3c995284bea5fe0fab7d \
    --hash=sha256:cd312b9692e831d2ffcad61eab31d91d4b4655a962e61de8fb410472cbcd37aa \
    --hash=sha256:cea3f4c1af79af13cdb2da0c028111d8f8522d4f22a000c82385535f24e5cf3a \
    --hash=sha256:cecdd5dfdc87b1fd87dbf81d4b037a544f47f4c744200a67013771682d67686a \
    --hash=sha256:cf9d57306d848218f3601fee7601fab1a327c942d56e2e97610583cb4dd74206 \
    --hash=sha256:d34bbf07dbc7ca5970671b1512e928991fb5e9d95365636c9b2d8b4f53af405e \
    --hash=sha256:d49514be2f28d895c38cf9d2b72d7b9a07d00314519f456c0b50b53cfcf4c785 \
    --hash=sha256:d680fbcb768404c601ecb43519ecd8461f6954cb11c06a78962f666832ccfca8 \
    --hash=sha256:db1d75f6617a49c1c01bc7023713e0ff59ab32c9579ae62a7674c0e34f3b0b0a \
    --hash=sha256:dcb292aa7fe485ceff7af4f92e46c5af397daec5dff64871a528f0fc47a3cc5b \
    --hash=sha256:e07c65f443c887bbcf31cc1771d932ecc192a5273943589b3c7572b749f1ffb2 \
    --hash=sha256:e902da4b04e6b52e5893900d4b8ab46068f75f3561f01bf1080957f9fd932ed6 \
    --hash=sha256:e9308ff8241c532df3f3e570f9a5aeed6c853f888512ba4b75638d7c11c95ef6 \
    --hash=sha256:eb7c9811bfaa8b1ed5ed319f5d370dfbcaa59d52ea64be2a5a85e18195930354 \
    --hash=sha256:ebe6af670449830d6d9b752c256a983291c766a1365ba5d5460048f9e33a7818 \
    --hash=sha256:ed21202aec73cda4d55d1ce57b389aadb90ffb044e6cd1080b8347efe1b1ec84 \
    --hash=sha256:efe0374196335f93b53269acd811b944f2e6bdc88e8894f214bd636455484909 \
    --hash=sha256:f64ec5397ea6a41fc1b4af0380d79b44a755b5531dcaccd9940fb260dca93038 \
    --hash=sha256:f6ac4ef4d82dff54670227a69c67782ae0b811b5cf6b17954f1e8f7502fc0d1d \
    --hash=sha256:f6f0ce10945fab9c4c06ce14e22af9059d1a87493a9af4501a5b0b9187e21cf2 \
    --hash=sha256:f8844cd288697c6425c9beba919302241e3278871dc6519515e72b04e987abcf \
    --hash=sha256:fe0306bd29505a9177aac19f1877174b0e7422c222a59f70b2cd41633448c3dc \
    --hash=sha256:ff3f333630ab480244a1bff72043e511a91eb22e7595dead8653ee5612dd8f3d \
    --hash=sha256:ffecec8eb889b58ba9be5b95fb1cc78e22ea8eedea38e8736a1568fe1979250e
    # via -r resources/searxng/requirements.in
markdown-it-py==4.2.0 \
    --hash=sha256:04a21681d6fbb623de53f6f364d352309d4094dd4194040a10fd51833e418d49 \
    --hash=sha256:9f7ebbcd14fe59494226453aed97c1070d83f8d24b6fc3a3bcf9a38092641c4a
    # via
    #   -r resources/searxng/requirements.in
    #   rich
markupsafe==3.0.3 \
    --hash=sha256:0303439a41979d9e74d18ff5e2dd8c43ed6c6001fd40e5bf2e43f7bd9bbc523f \
    --hash=sha256:068f375c472b3e7acbe2d5318dea141359e6900156b5b2ba06a30b169086b91a \
    --hash=sha256:0bf2a864d67e76e5c9a34dc26ec616a66b9888e25e7b9460e1c76d3293bd9dbf \
    --hash=sha256:0db14f5dafddbb6d9208827849fad01f1a2609380add406671a26386cdf15a19 \
    --hash=sha256:0eb9ff8191e8498cca014656ae6b8d61f39da5f95b488805da4bb029cccbfbaf \
    --hash=sha256:0f4b68347f8c5eab4a13419215bdfd7f8c9b19f2b25520968adfad23eb0ce60c \
    --hash=sha256:1085e7fbddd3be5f89cc898938f42c0b3c711fdcb37d75221de2666af647c175 \
    --hash=sha256:116bb52f642a37c115f517494ea5feb03889e04df47eeff5b130b1808ce7c219 \
    --hash=sha256:12c63dfb4a98206f045aa9563db46507995f7ef6d83b2f68eda65c307c6829eb \
    --hash=sha256:133a43e73a802c5562be9bbcd03d090aa5a1fe899db609c29e8c8d815c5f6de6 \
    --hash=sha256:1353ef0c1b138e1907ae78e2f6c63ff67501122006b0f9abad68fda5f4ffc6ab \
    --hash=sha256:15d939a21d546304880945ca1ecb8a039db6b4dc49b2c5a400387cdae6a62e26 \
    --hash=sha256:177b5253b2834fe3678cb4a5f0059808258584c559193998be2601324fdeafb1 \
    --hash=sha256:1872df69a4de6aead3491198eaf13810b565bdbeec3ae2dc8780f14458ec73ce \
    --hash=sha256:1b4b79e8ebf6b55351f0d91fe80f893b4743f104bff22e90697db1590e47a218 \
    --hash=sha256:1b52b4fb9df4eb9ae465f8d0c228a00624de2334f216f178a995ccdcf82c4634 \
    --hash=sha256:1ba88449deb3de88bd40044603fafffb7bc2b055d626a330323a9ed736661695 \
    --hash=sha256:1cc7ea17a6824959616c525620e387f6dd30fec8cb44f649e31712db02123dad \
    --hash=sha256:218551f6df4868a8d527e3062d0fb968682fe92054e89978594c28e642c43a73 \
    --hash=sha256:26a5784ded40c9e318cfc2bdb30fe164bdb8665ded9cd64d500a34fb42067b1c \
    --hash=sha256:2713baf880df847f2bece4230d4d094280f4e67b1e813eec43b4c0e144a34ffe \
    --hash=sha256:2a15a08b17dd94c53a1da0438822d70ebcd13f8c3a95abe3a9ef9f11a94830aa \
    --hash=sha256:2f981d352f04553a7171b8e44369f2af4055f888dfb147d55e42d29e29e74559 \
    --hash=sha256:32001d6a8fc98c8cb5c947787c5d08b0a50663d139f1305bac5885d98d9b40fa \
    --hash=sha256:3524b778fe5cfb3452a09d31e7b5adefeea8c5be1d43c4f810ba09f2ceb29d37 \
    --hash=sha256:3537e01efc9d4dccdf77221fb1cb3b8e1a38d5428920e0657ce299b20324d758 \
    --hash=sha256:35add3b638a5d900e807944a078b51922212fb3dedb01633a8defc4b01a3c85f \
    --hash=sha256:38664109c14ffc9e7437e86b4dceb442b0096dfe3541d7864d9cbe1da4cf36c8 \
    --hash=sha256:3a7e8ae81ae39e62a41ec302f972ba6ae23a5c5396c8e60113e9066ef893da0d \
    --hash=sha256:3b562dd9e9ea93f13d53989d23a7e775fdfd1066c33494ff43f5418bc8c58a5c \
    --hash=sha256:457a69a9577064c05a97c41f4e65148652db078a3a509039e64d3467b9e7ef97 \
    --hash=sha256:4bd4cd07944443f5a265608cc6aab442e4f74dff8088b0dfc8238647b8f6ae9a \
    --hash=sha256:4e885a3d1efa2eadc93c894a21770e4bc67899e3543680313b09f139e149ab19 \
    --hash=sha256:4faffd047e07c38848ce017e8725090413cd80cbc23d86e55c587bf979e579c9 \
    --hash=sha256:509fa21c6deb7a7a273d629cf5ec029bc209d1a51178615ddf718f5918992ab9 \
    --hash=sha256:5678211cb9333a6468fb8d8be0305520aa073f50d17f089b5b4b477ea6e67fdc \
    --hash=sha256:591ae9f2a647529ca990bc681daebdd52c8791ff06c2bfa05b65163e28102ef2 \
    --hash=sha256:5a7d5dc5140555cf21a6fefbdbf8723f06fcd2f63ef108f2854de715e4422cb4 \
    --hash=sha256:69c0b73548bc525c8cb9a251cddf1931d1db4d2258e9599c28c07ef3580ef354 \
    --hash=sha256:6b5420a1d9450023228968e7e6a9ce57f65d148ab56d2313fcd589eee96a7a50 \
    --hash=sha256:722695808f4b6457b320fdc131280796bdceb04ab50fe1795cd540799ebe1698 \
    --hash=sha256:729586769a26dbceff69f7a7dbbf59ab6572b99d94576a5592625d5b411576b9 \
    --hash=sha256:77f0643abe7495da77fb436f50f8dab76dbc6e5fd25d39589a0f1fe6548bfa2b \
    --hash=sha256:795e7751525cae078558e679d646ae45574b47ed6e7771863fcc079a6171a0fc \
    --hash=sha256:7be7b61bb172e1ed687f1754f8e7484f1c8019780f6f6b0786e76bb01c2ae115 \
    --hash=sha256:7c3fb7d25180895632e5d3148dbdc29ea38ccb7fd210aa27acbd1201a1902c6e \
    --hash=sha256:7e68f88e5b8799aa49c85cd116c932a1ac15caaa3f5db09087854d218359e485 \
    --hash=sha256:83891d0e9fb81a825d9a6d61e3f07550ca70a076484292a70fde82c4b807286f \
    --hash=sha256:8485f406a96febb5140bfeca44a73e3ce5116b2501ac54fe953e488fb1d03b12 \
    --hash=sha256:8709b08f4a89aa7586de0aadc8da56180242ee0ada3999749b183aa23df95025 \
    --hash=sha256:8f71bc33915be5186016f675cd83a1e08523649b0e33efdb898db577ef5bb009 \
    --hash=sha256:915c04ba3851909ce68ccc2b8e2cd691618c4dc4c4232fb7982bca3f41fd8c3d \
    --hash=sha256:949b8d66bc381ee8b007cd945914c721d9aba8e27f71959d750a46f7c282b20b \
    --hash=sha256:94c6f0bb423f739146aec64595853541634bde58b2135f27f61c1ffd1cd4d16a \
    --hash=sha256:9a1abfdc021a164803f4d485104931fb8f8c1efd55bc6b748d2f5774e78b62c5 \
    --hash=sha256:9b79b7a16f7fedff2495d684f2b59b0457c3b493778c9eed31111be64d58279f \
    --hash=sha256:a320721ab5a1aba0a233739394eb907f8c8da5c98c9181d1161e77a0c8e36f2d \
    --hash=sha256:a4afe79fb3de0b7097d81da19090f4df4f8d3a2b3adaa8764138aac2e44f3af1 \
    --hash=sha256:ad2cf8aa28b8c020ab2fc8287b0f823d0a7d8630784c31e9ee5edea20f406287 \
    --hash=sha256:b8512a91625c9b3da6f127803b166b629725e68af71f8184ae7e7d54686a56d6 \
    --hash=sha256:bc51efed119bc9cfdf792cdeaa4d67e8f6fcccab66ed4bfdd6bde3e59bfcbb2f \
    --hash=sha256:bdc919ead48f234740ad807933cdf545180bfbe9342c2bb451556db2ed958581 \
    --hash=sha256:bdd37121970bfd8be76c5fb069c7751683bdf373db1ed6c010162b2a130248ed \
    --hash=sha256:be8813b57049a7dc738189df53d69395eba14fb99345e0a5994914a3864c8a4b \
    --hash=sha256:c0c0b3ade1c0b13b936d7970b1d37a57acde9199dc2aecc4c336773e1d86049c \
    --hash=sha256:c47a551199eb8eb2121d4f0f15ae0f923d31350ab9280078d1e5f12b249e0026 \
    --hash=sha256:c4ffb7ebf07cfe8931028e3e4c85f0357459a3f9f9490886198848f4fa002ec8 \
    --hash=sha256:ccfcd093f13f0f0b7fdd0f198b90053bf7b2f02a3927a30e63f3ccc9df56b676 \
    --hash=sha256:d2ee202e79d8ed691ceebae8e0486bd9a2cd4794cec4824e1c99b6f5009502f6 \
    --hash=sha256:d53197da72cc091b024dd97249dfc7794d6a56530370992a5e1a08983ad9230e \
    --hash=sha256:d6dd0be5b5b189d31db7cda48b91d7e0a9795f31430b7f271219ab30f1d3ac9d \
    --hash=sha256:d88b440e37a16e651bda4c7c2b930eb586fd15ca7406cb39e211fcff3bf3017d \
    --hash=sha256:de8a88e63464af587c950061a5e6a67d3632e36df62b986892331d4620a35c01 \
    --hash=sha256:df2449253ef108a379b8b5d6b43f4b1a8e81a061d6537becd5582fba5f9196d7 \
    --hash=sha256:e1c1493fb6e50ab01d20a22826e57520f1284df32f2d8601fdd90b6304601419 \
    --hash=sha256:e1cf1972137e83c5d4c136c43ced9ac51d0e124706ee1c8aa8532c1287fa8795 \
    --hash=sha256:e2103a929dfa2fcaf9bb4e7c091983a49c9ac3b19c9061b6d5427dd7d14d81a1 \
    --hash=sha256:e56b7d45a839a697b5eb268c82a71bd8c7f6c94d6fd50c3d577fa39a9f1409f5 \
    --hash=sha256:e8afc3f2ccfa24215f8cb28dcf43f0113ac3c37c2f0f0806d8c70e4228c5cf4d \
    --hash=sha256:e8fc20152abba6b83724d7ff268c249fa196d8259ff481f3b1476383f8f24e42 \
    --hash=sha256:eaa9599de571d72e2daf60164784109f19978b327a3910d3e9de8c97b5b70cfe \
    --hash=sha256:ec15a59cf5af7be74194f7ab02d0f59a62bdcf1a537677ce67a2537c9b87fcda \
    --hash=sha256:f190daf01f13c72eac4efd5c430a8de82489d9cff23c364c3ea822545032993e \
    --hash=sha256:f34c41761022dd093b4b6896d4810782ffbabe30f2d443ff5f083e0cbbb8c737 \
    --hash=sha256:f3e98bb3798ead92273dc0e5fd0f31ade220f59a266ffd8a4f6065e0a3ce0523 \
    --hash=sha256:f42d0984e947b8adf7dd6dde396e720934d12c506ce84eea8476409563607591 \
    --hash=sha256:f71a396b3bf33ecaa1626c255855702aca4d3d9fea5e051b41ac59a9c1c41edc \
    --hash=sha256:f9e130248f4462aaa8e2552d547f36ddadbeaa573879158d721bbd33dfe4743a \
    --hash=sha256:fed51ac40f757d41b7c48425901843666a6677e3e8eb0abcff09e4ba6e664f50
    # via
    #   flask
    #   jinja2
    #   werkzeug
mdurl==0.1.2 \
    --hash=sha256:84008a41e51615a49fc9966191ff91509e3c40b939176e643fd50a5c2196b8f8 \
    --hash=sha256:bb413d29f5eea38f31dd4754dd7377d4465116fb207585f97bf925588687c1ba
    # via markdown-it-py
msgspec==0.21.1 \
    --hash=sha256:0d03867786e5d7ba25d666df4b11320c27170f4aeafcb8e3a8b0a50a4fb742ca \
    --hash=sha256:0d1009f6715f5bff3b54d4ff5c7428ad96197e0534e1645b8e9b955890c84664 \
    --hash=sha256:0d2cc73df6058d811a126ac3a8ad63a4dfa210c82f9cf5a004802eaf4712de90 \
    --hash=sha256:15f523d51c00ebad412213bfe9f06f0a50ec2b93e0c19e824a2d267cabb48ea2 \
    --hash=sha256:1bf17cbd7b28a5dffc7e764c654eed8ccde5e0f1de7970628608304640d4ce4e \
    --hash=sha256:21995e74b5c598c2e004110ad66ec7f1b8c20bf2bcf3b2de8fd9a3094422d3ff \
    --hash=sha256:2313508e394b0d208f8f56892ca9b2799e2561329de9763b19619595a6c0f72c \
    --hash=sha256:344c7cd0eaed1fb81d7959f99100ef71ec9b536881a376f11b9a6c4803365697 \
    --hash=sha256:38fe93e86b61328fe544cb7fd871fad5a27c8734bfda90f65e5dbe288ae50f61 \
    --hash=sha256:3cb779ea0c35bc807ff941d415875c1f69ca0be91a2e907ab99a171811d86a9a \
    --hash=sha256:3d6b9dc50948eaf65df54d2fd0ff66e6d8c32f116037209ee861810eb9b676cb \
    --hash=sha256:42bb1241e0750c1a4346f2aa84db26c5ffd99a4eb3a954927d9f149ff2f42898 \
    --hash=sha256:4692b7c1609155708c4418f88e92f63c13fdf08aa095c84bae82bad75b53389b \
    --hash=sha256:48943e278b3854c2f89f955ddc6f9f430d3f0784b16e47d10604ee0463cd21f5 \
    --hash=sha256:49880fd20fdbcfe1b793f07dd83f12572bab679c9800352c8b2240289aa46a06 \
    --hash=sha256:4e47390360583ba3d5c6cb44cf0a9f61b0a06a899d3c2c00627cedebb2e2884b \
    --hash=sha256:5102c7e9b3acff82178449b85006d96310e690291bb1ea0142f1b24bcb8aabcb \
    --hash=sha256:52c5e21930942302394429c5a582ce7e6b62c7f983b3760834c2ce107e0dd6df \
    --hash=sha256:5666b1b560b97b6ec2eb3fca8a502298ebac56e13bbca1f88523538ce83d01ea \
    --hash=sha256:5d2d4116ebe3035a78d9ec76e99a9d64e5fa6d44fe61a9c5de7fd1acf54bcc69 \
    --hash=sha256:5f8e9dfcd98419cf7568808470c4317a3fb30bef0e3715b568730a2b272a20d7 \
    --hash=sha256:6129f0cca52992e898fd5344187f7c8127b63d810b2fd73e36fca73b4c6475ee \
    --hash=sha256:628aaa35c74950a8c59da330d7e98917e1c7188f983745782027748ee4ca573e \
    --hash=sha256:68604db36b3b4dd9bf160e436e12798a4738848144cea1aca1cb984011eb160f \
    --hash=sha256:6badc03b9725352219cca017bfe71c61f2fbd0fb5982b410ac17c97c213deb30 \
    --hash=sha256:72d9cd03241b8b2edb2e12dcc66c500fa480d8cbd71a8bac105809d468882064 \
    --hash=sha256:740fbf1c9d59992ca3537d6fbe9ebbf9eaf726a65fbf31448e0ecbc710697a63 \
    --hash=sha256:764173717a01743f007e9f74520ed281f24672c604514f7d76c1c3a10e8edb66 \
    --hash=sha256:846758412e9518252b2ac9bffd6f0e54d9ff614f5f9488df7749f81ff5c80920 \
    --hash=sha256:8bc666331c35fcce05a7cd2d6221adbe0f6058f8e750711413d22793c080ac6a \
    --hash=sha256:92d89dfad13bd1ea640dc3e37e724ed380da1030b272bdf5ecafb983c3ad7c75 \
    --hash=sha256:a9aa659ebb0101b1cbc31461212b87e341d961f0ab0772aaf068a99e001ec4aa \
    --hash=sha256:abbb39d65681fa24ed394e01af3d59d869068324f900c61d06062b7fb9980f2f \
    --hash=sha256:ae0162e22849a5e91eaad907766525107523b0daea3df267a9fcb5ba4e0936ae \
    --hash=sha256:b504b6e7f7a22a24b27232b73034421692147865162daaec9f3bf62439007c87 \
    --hash=sha256:c6faffe5bb644ec884052679af4dfd776d4b5ca90e4a7ec7e7e319e4e6b93a6e \
    --hash=sha256:d3124010b3815451494c85ff345e693cb9fe5889cfcbbef39ed8622e0e72319c \
    --hash=sha256:d4248cf0b6129b7d230eacd493c17cc2d4f3989f3bb7f633a928a85b7dcfa251 \
    --hash=sha256:d4ab834a054c6f0cbeef6df9e7e1b33d5f1bc7b86dea1d2fd7cad003873e783d \
    --hash=sha256:d8b8578e4c83b14ceea4cef0d0b747e31d9330fe4b03b2b2ad4063866a178f93 \
    --hash=sha256:dd677e3001fdfed9186de72eab434da2976303cd5eb9550921d3d0c3e3e168ce \
    --hash=sha256:ed2ab278200e743a1d2610a4e0c8fc74f6cecb8548544cdec43f927bd9265238 \
    --hash=sha256:ee9e3f11fa94603f7d673bf795cfa31b549c4a2c723bc39b45beb1e7f5a3fb99 \
    --hash=sha256:ef3ec2296248d1f8b9231acb051b6d471dfde8f21819e86c9adaaa9f42918521 \
    --hash=sha256:f041a2279f31e3a53319005e4d60ba77c085cfcbe394cdc7ce803c2d01fe9449 \
    --hash=sha256:f60800e6299b798142dc40b0644da77ceac5ea0568be58228417eae14135c847 \
    --hash=sha256:f667b90b37fad734a91671abd68e0d7f4d066862771b87e91c53996dcb7a9027 \
    --hash=sha256:f7b27d1a8ead2b6f5b0c4f2d07b8be1ccfcc041c8a0e704781edebe3ae13c484 \
    --hash=sha256:fab48eb45fdbfbdb2c0edfec00ffc53b6b6085beefc6b50b61e01659f9f8757f
    # via -r resources/searxng/requirements.in
pygments==2.20.0 \
    --hash=sha256:6757cd03768053ff99f3039c1a36d6c0aa0b263438fcab17520b30a303a82b5f \
    --hash=sha256:81a9e26dd42fd28a23a2d169d86d7ac03b46e2f8b59ed4698fb4785f946d0176
    # via
    #   -r resources/searxng/requirements.in
    #   rich
python-dateutil==2.9.0.post0 \
    --hash=sha256:37dd54208da7e1cd875388217d5e00ebd4179249f90fb72437e91a35459a0ad3 \
    --hash=sha256:a8b2bc7bffae282281c8140a97d3aa9c14da0b136dfe83f850eea9a5f7470427
    # via -r resources/searxng/requirements.in
python-socks==3.0.0 \
    --hash=sha256:c20ddf978b5c90467bf242757a11dcd00d7c8bd339901de1839b492d5571ab7f \
    --hash=sha256:e06a421d4d7f3fc17ef2740ab6c291640364f6a362b94a1ae87a136c29bd0067
    # via httpx-socks
pytz==2026.3.post1 \
    --hash=sha256:2211d3fcf9a797d3405cac96ac7f61d80e6a644f72a3309607282fe8a2010c5d \
    --hash=sha256:dd95840dd199baea12d9cc096a1d452caa6596a1c1e4b5f3dbd1541855d5e815
    # via flask-babel
pyyaml==6.0.3 \
    --hash=sha256:00c4bdeba853cc34e7dd471f16b4114f4162dc03e6b7afcc2128711f0eca823c \
    --hash=sha256:0150219816b6a1fa26fb4699fb7daa9caf09eb1999f3b70fb6e786805e80375a \
    --hash=sha256:02893d100e99e03eda1c8fd5c441d8c60103fd175728e23e431db1b589cf5ab3 \
    --hash=sha256:02ea2dfa234451bbb8772601d7b8e426c2bfa197136796224e50e35a78777956 \
    --hash=sha256:0f29edc409a6392443abf94b9cf89ce99889a1dd5376d94316ae5145dfedd5d6 \
    --hash=sha256:10892704fc220243f5305762e276552a0395f7beb4dbf9b14ec8fd43b57f126c \
    --hash=sha256:16249ee61e95f858e83976573de0f5b2893b3677ba71c9dd36b9cf8be9ac6d65 \
    --hash=sha256:1d37d57ad971609cf3c53ba6a7e365e40660e3be0e5175fa9f2365a379d6095a \
    --hash=sha256:1ebe39cb5fc479422b83de611d14e2c0d3bb2a18bbcb01f229ab3cfbd8fee7a0 \
    --hash=sha256:214ed4befebe12df36bcc8bc2b64b396ca31be9304b8f59e25c11cf94a4c033b \
    --hash=sha256:2283a07e2c21a2aa78d9c4442724ec1eb15f5e42a723b99cb3d822d48f5f7ad1 \
    --hash=sha256:22ba7cfcad58ef3ecddc7ed1db3409af68d023b7f940da23c6c2a1890976eda6 \
    --hash=sha256:27c0abcb4a5dac13684a37f76e701e054692a9b2d3064b70f5e4eb54810553d7 \
    --hash=sha256:28c8d926f98f432f88adc23edf2e6d4921ac26fb084b028c733d01868d19007e \
    --hash=sha256:2e71d11abed7344e42a8849600193d15b6def118602c4c176f748e4583246007 \
    --hash=sha256:34d5fcd24b8445fadc33f9cf348c1047101756fd760b4dacb5c3e99755703310 \
    --hash=sha256:37503bfbfc9d2c40b344d06b2199cf0e96e97957ab1c1b546fd4f87e53e5d3e4 \
    --hash=sha256:3c5677e12444c15717b902a5798264fa7909e41153cdf9ef7ad571b704a63dd9 \
    --hash=sha256:3ff07ec89bae51176c0549bc4c63aa6202991da2d9a6129d7aef7f1407d3f295 \
    --hash=sha256:41715c910c881bc081f1e8872880d3c650acf13dfa8214bad49ed4cede7c34ea \
    --hash=sha256:418cf3f2111bc80e0933b2cd8cd04f286338bb88bdc7bc8e6dd775ebde60b5e0 \
    --hash=sha256:44edc647873928551a01e7a563d7452ccdebee747728c1080d881d68af7b997e \
    --hash=sha256:4a2e8cebe2ff6ab7d1050ecd59c25d4c8bd7e6f400f5f82b96557ac0abafd0ac \
    --hash=sha256:4ad1906908f2f5ae4e5a8ddfce73c320c2a1429ec52eafd27138b7f1cbe341c9 \
    --hash=sha256:501a031947e3a9025ed4405a168e6ef5ae3126c59f90ce0cd6f2bfc477be31b7 \
    --hash=sha256:5190d403f121660ce8d1d2c1bb2ef1bd05b5f68533fc5c2ea899bd15f4399b35 \
    --hash=sha256:5498cd1645aa724a7c71c8f378eb29ebe23da2fc0d7a08071d89469bf1d2defb \
    --hash=sha256:5cf4e27da7e3fbed4d6c3d8e797387aaad68102272f8f9752883bc32d61cb87b \
    --hash=sha256:5e0b74767e5f8c593e8c9b5912019159ed0533c70051e9cce3e8b6aa699fcd69 \
    --hash=sha256:5ed875a24292240029e4483f9d4a4b8a1ae08843b9c54f43fcc11e404532a8a5 \
    --hash=sha256:5fcd34e47f6e0b794d17de1b4ff496c00986e1c83f7ab2fb8fcfe9616ff7477b \
    --hash=sha256:5fdec68f91a0c6739b380c83b951e2c72ac0197ace422360e6d5a959d8d97b2c \
    --hash=sha256:6344df0d5755a2c9a276d4473ae6b90647e216ab4757f8426893b5dd2ac3f369 \
    --hash=sha256:64386e5e707d03a7e172c0701abfb7e10f0fb753ee1d773128192742712a98fd \
    --hash=sha256:652cb6edd41e718550aad172851962662ff2681490a8a711af6a4d288dd96824 \
    --hash=sha256:66291b10affd76d76f54fad28e22e51719ef9ba22b29e1d7d03d6777a9174198 \
    --hash=sha256:66e1674c3ef6f541c35191caae2d429b967b99e02040f5ba928632d9a7f0f065 \
    --hash=sha256:6adc77889b628398debc7b65c073bcb99c4a0237b248cacaf3fe8a557563ef6c \
    --hash=sha256:79005a0d97d5ddabfeeea4cf676af11e647e41d81c9a7722a193022accdb6b7c \
    --hash=sha256:7c6610def4f163542a622a73fb39f534f8c101d690126992300bf3207eab9764 \
    --hash=sha256:7f047e29dcae44602496db43be01ad42fc6f1cc0d8cd6c83d342306c32270196 \
    --hash=sha256:8098f252adfa6c80ab48096053f512f2321f0b998f98150cea9bd23d83e1467b \
    --hash=sha256:850774a7879607d3a6f50d36d04f00ee69e7fc816450e5f7e58d7f17f1ae5c00 \
    --hash=sha256:8d1fab6bb153a416f9aeb4b8763bc0f22a5586065f86f7664fc23339fc1c1fac \
    --hash=sha256:8da9669d359f02c0b91ccc01cac4a67f16afec0dac22c2ad09f46bee0697eba8 \
    --hash=sha256:8dc52c23056b9ddd46818a57b78404882310fb473d63f17b07d5c40421e47f8e \
    --hash=sha256:9149cad251584d5fb4981be1ecde53a1ca46c891a79788c0df828d2f166bda28 \
    --hash=sha256:93dda82c9c22deb0a405ea4dc5f2d0cda384168e466364dec6255b293923b2f3 \
    --hash=sha256:96b533f0e99f6579b3d4d4995707cf36df9100d67e0c8303a0c55b27b5f99bc5 \
    --hash=sha256:9c57bb8c96f6d1808c030b1687b9b5fb476abaa47f0db9c0101f5e9f394e97f4 \
    --hash=sha256:9c7708761fccb9397fe64bbc0395abcae8c4bf7b0eac081e12b809bf47700d0b \
    --hash=sha256:9f3bfb4965eb874431221a3ff3fdcddc7e74e3b07799e0e84ca4a0f867d449bf \
    --hash=sha256:a33284e20b78bd4a18c8c2282d549d10bc8408a2a7ff57653c0cf0b9be0afce5 \
    --hash=sha256:a80cb027f6b349846a3bf6d73b5e95e782175e52f22108cfa17876aaeff93702 \
    --hash=sha256:b30236e45cf30d2b8e7b3e85881719e98507abed1011bf463a8fa23e9c3e98a8 \
    --hash=sha256:b3bc83488de33889877a0f2543ade9f70c67d66d9ebb4ac959502e12de895788 \
    --hash=sha256:b865addae83924361678b652338317d1bd7e79b1f4596f96b96c77a5a34b34da \
    --hash=sha256:b8bb0864c5a28024fac8a632c443c87c5aa6f215c0b126c449ae1a150412f31d \
    --hash=sha256:ba1cc08a7ccde2d2ec775841541641e4548226580ab850948cbfda66a1befcdc \
    --hash=sha256:bdb2c67c6c1390b63c6ff89f210c8fd09d9a1217a465701eac7316313c915e4c \
    --hash=sha256:c1ff362665ae507275af2853520967820d9124984e0f7466736aea23d8611fba \
    --hash=sha256:c2514fceb77bc5e7a2f7adfaa1feb2fb311607c9cb518dbc378688ec73d8292f \
    --hash=sha256:c3355370a2c156cffb25e876646f149d5d68f5e0a3ce86a5084dd0b64a994917 \
    --hash=sha256:c458b6d084f9b935061bc36216e8a69a7e293a2f1e68bf956dcd9e6cbcd143f5 \
    --hash=sha256:d0eae10f8159e8fdad514efdc92d74fd8d682c933a6dd088030f3834bc8e6b26 \
    --hash=sha256:d76623373421df22fb4cf8817020cbb7ef15c725b9d5e45f17e189bfc384190f \
    --hash=sha256:ebc55a14a21cb14062aa4162f906cd962b28e2e9ea38f9b4391244cd8de4ae0b \
    --hash=sha256:eda16858a3cab07b80edaf74336ece1f986ba330fdb8ee0d6c0d68fe82bc96be \
    --hash=sha256:ee2922902c45ae8ccada2c5b501ab86c36525b883eff4255313a253a3160861c \
    --hash=sha256:efd7b85f94a6f21e4932043973a7ba2613b059c4a000551892ac9f1d11f5baf3 \
    --hash=sha256:f7057c9a337546edc7973c0d3ba84ddcdf0daa14533c2065749c9075001090e6 \
    --hash=sha256:fa160448684b4e94d80416c0fa4aac48967a969efe22931448d853ada8baf926 \
    --hash=sha256:fc09d0aa354569bc501d4e787133afc08552722d3ab34836a80547331bb5d4a0
    # via -r resources/searxng/requirements.in
rich==15.0.0 \
    --hash=sha256:33bd4ef74232fb73fe9279a257718407f169c09b78a87ad3d296f548e27de0bb \
    --hash=sha256:edd07a4824c6b40189fb7ac9bc4c52536e9780fbbfbddf6f1e2502c31b068c36
    # via typer
shellingham==1.5.4 \
    --hash=sha256:7ecfff8f2fd72616f7481040475a65b2bf8af90a56c89140852d1120324e8686 \
    --hash=sha256:8dbca0739d487e5bd35ab3ca4b36e11c4078f3a234bfce294b0a0291363404de
    # via typer
six==1.17.0 \
    --hash=sha256:4721f391ed90541fddacab5acf947aa0d3dc7d27b2e1e8eda2be8970586c3274 \
    --hash=sha256:ff70335d468e7eb6ec65b95b99d3a2836546063f63acc5171de367e834932a81
    # via python-dateutil
sniffio==1.3.1 \
    --hash=sha256:2f6da418d1f1e0fddd844478f41680e794e6051915791a034ff65e5f100525a2 \
    --hash=sha256:f4324edc670a0f49750a81b895f35c3adb843cca46f0530f79fc1babb23789dc
    # via
    #   -r resources/searxng/requirements.in
    #   httpx-socks
typer==0.27.1 \
    --hash=sha256:53150287edd11baeb4e4722c8e394fcdf8181c0ae89485cba8d25c778d5edd56 \
    --hash=sha256:a79bef8469a79c45498e7b814ecf8d603cc7644e9acbd9e19cac0334240b18df
    # via -r resources/searxng/requirements.in
typing-extensions==4.16.0 \
    --hash=sha256:481caa481374e813c1b176ada14e97f1f67a4539ce9cfeb3f350d78d6370c2e8 \
    --hash=sha256:dc983d19a509c94dba722ee6abd33940f7c05a89e243c47e907eb4db6f1a43e5
    # via
    #   -r resources/searxng/requirements.in
    #   anyio
valkey==6.1.1 \
    --hash=sha256:5880792990c6c2b5eb604a5ed5f98f300880b6dd92d123819b66ed54bb259731 \
    --hash=sha256:e2691541c6e1503b53c714ad9a35551ac9b7c0bbac93865f063dbc859a46de92
    # via -r resources/searxng/requirements.in
werkzeug==3.1.8 \
    --hash=sha256:63a77fb8892bf28ebc3178683445222aa500e48ebad5ec77b0ad80f8726b1f50 \
    --hash=sha256:9bad61a4268dac112f1c5cd4630a56ede601b6ed420300677a869083d70a4c44
    # via flask
whitenoise==6.12.0 \
    --hash=sha256:f723ebb76a112e98816ff80fcea0a6c9b8ecde835f8ddda25df7a30a3c2db6ad \
    --hash=sha256:fc5e8c572e33ebf24795b47b6a7da8da3c00cff2349f5b04c02f28d0cc5a3cc2
    # via -r resources/searxng/requirements.in
